Microsoft Visual Studio Solution File, Format Version 12.00
# Visual Studio Version 17
VisualStudioVersion = 17.13.35806.99
MinimumVisualStudioVersion = 10.0.40219.1
Project("{FAE04EC0-301F-11D3-BF4B-00C04F79EFBC}") = "ZeafloServer.Application", "ZeafloServer.Application\ZeafloServer.Application.csproj", "{339773A6-780D-4CA1-89AA-2B82B702BF50}"
EndProject
Project("{FAE04EC0-301F-11D3-BF4B-00C04F79EFBC}") = "ZeafloServer.Domain", "ZeafloServer.Domain\ZeafloServer.Domain.csproj", "{3E17250B-BF1D-4AEA-BC5D-CB84A8048F93}"
EndProject
Project("{FAE04EC0-301F-11D3-BF4B-00C04F79EFBC}") = "ZeafloServer.Infrastructure", "ZeafloServer.Infrastructure\ZeafloServer.Infrastructure.csproj", "{A21B0026-76FC-4E51-BDE8-DF4351379346}"
EndProject
Project("{FAE04EC0-301F-11D3-BF4B-00C04F79EFBC}") = "ZeafloServer.Presentation", "ZeafloServer.Presentation\ZeafloServer.Presentation.csproj", "{3E7C10B8-9CEE-44E7-A0E3-6E4D5D9EC1DA}"
EndProject
Project("{FAE04EC0-301F-11D3-BF4B-00C04F79EFBC}") = "ZeafloServer.Shared", "ZeafloServer.Shared\ZeafloServer.Shared.csproj", "{46C69CEE-77E8-47F3-8631-8DE3414ADED4}"
EndProject
Project("{FAE04EC0-301F-11D3-BF4B-00C04F79EFBC}") = "ZeafloServer.Grpc", "ZeafloServer.Grpc\ZeafloServer.Grpc.csproj", "{0EA7A7D3-F37D-4E65-B5D3-EF9CD66A7EAB}"
EndProject
Project("{FAE04EC0-301F-11D3-BF4B-00C04F79EFBC}") = "ZeafloServer.Proto", "ZeafloServer.Proto\ZeafloServer.Proto.csproj", "{7535FEB1-4E13-4984-837A-6AF741F4A33A}"
EndProject
Global
	GlobalSection(SolutionConfigurationPlatforms) = preSolution
		Debug|Any CPU = Debug|Any CPU
		Release|Any CPU = Release|Any CPU
	EndGlobalSection
	GlobalSection(ProjectConfigurationPlatforms) = postSolution
		{339773A6-780D-4CA1-89AA-2B82B702BF50}.Debug|Any CPU.ActiveCfg = Debug|Any CPU
		{339773A6-780D-4CA1-89AA-2B82B702BF50}.Debug|Any CPU.Build.0 = Debug|Any CPU
		{339773A6-780D-4CA1-89AA-2B82B702BF50}.Release|Any CPU.ActiveCfg = Release|Any CPU
		{339773A6-780D-4CA1-89AA-2B82B702BF50}.Release|Any CPU.Build.0 = Release|Any CPU
		{3E17250B-BF1D-4AEA-BC5D-CB84A8048F93}.Debug|Any CPU.ActiveCfg = Debug|Any CPU
		{3E17250B-BF1D-4AEA-BC5D-CB84A8048F93}.Debug|Any CPU.Build.0 = Debug|Any CPU
		{3E17250B-BF1D-4AEA-BC5D-CB84A8048F93}.Release|Any CPU.ActiveCfg = Release|Any CPU
		{3E17250B-BF1D-4AEA-BC5D-CB84A8048F93}.Release|Any CPU.Build.0 = Release|Any CPU
		{A21B0026-76FC-4E51-BDE8-DF4351379346}.Debug|Any CPU.ActiveCfg = Debug|Any CPU
		{A21B0026-76FC-4E51-BDE8-DF4351379346}.Debug|Any CPU.Build.0 = Debug|Any CPU
		{A21B0026-76FC-4E51-BDE8-DF4351379346}.Release|Any CPU.ActiveCfg = Release|Any CPU
		{A21B0026-76FC-4E51-BDE8-DF4351379346}.Release|Any CPU.Build.0 = Release|Any CPU
		{3E7C10B8-9CEE-44E7-A0E3-6E4D5D9EC1DA}.Debug|Any CPU.ActiveCfg = Debug|Any CPU
		{3E7C10B8-9CEE-44E7-A0E3-6E4D5D9EC1DA}.Debug|Any CPU.Build.0 = Debug|Any CPU
		{3E7C10B8-9CEE-44E7-A0E3-6E4D5D9EC1DA}.Release|Any CPU.ActiveCfg = Release|Any CPU
		{3E7C10B8-9CEE-44E7-A0E3-6E4D5D9EC1DA}.Release|Any CPU.Build.0 = Release|Any CPU
		{46C69CEE-77E8-47F3-8631-8DE3414ADED4}.Debug|Any CPU.ActiveCfg = Debug|Any CPU
		{46C69CEE-77E8-47F3-8631-8DE3414ADED4}.Debug|Any CPU.Build.0 = Debug|Any CPU
		{46C69CEE-77E8-47F3-8631-8DE3414ADED4}.Release|Any CPU.ActiveCfg = Release|Any CPU
		{46C69CEE-77E8-47F3-8631-8DE3414ADED4}.Release|Any CPU.Build.0 = Release|Any CPU
		{0EA7A7D3-F37D-4E65-B5D3-EF9CD66A7EAB}.Debug|Any CPU.ActiveCfg = Debug|Any CPU
		{0EA7A7D3-F37D-4E65-B5D3-EF9CD66A7EAB}.Debug|Any CPU.Build.0 = Debug|Any CPU
		{0EA7A7D3-F37D-4E65-B5D3-EF9CD66A7EAB}.Release|Any CPU.ActiveCfg = Release|Any CPU
		{0EA7A7D3-F37D-4E65-B5D3-EF9CD66A7EAB}.Release|Any CPU.Build.0 = Release|Any CPU
		{7535FEB1-4E13-4984-837A-6AF741F4A33A}.Debug|Any CPU.ActiveCfg = Debug|Any CPU
		{7535FEB1-4E13-4984-837A-6AF741F4A33A}.Debug|Any CPU.Build.0 = Debug|Any CPU
		{7535FEB1-4E13-4984-837A-6AF741F4A33A}.Release|Any CPU.ActiveCfg = Release|Any CPU
		{7535FEB1-4E13-4984-837A-6AF741F4A33A}.Release|Any CPU.Build.0 = Release|Any CPU
	EndGlobalSection
	GlobalSection(SolutionProperties) = preSolution
		HideSolutionNode = FALSE
	EndGlobalSection
	GlobalSection(ExtensibilityGlobals) = postSolution
		SolutionGuid = {68AA8A1C-A8D8-469E-B6F2-B6BB95937ACC}
	EndGlobalSection
EndGlobal
